
Microsoft Visual Studio Solution File, Format Version 12.00
# Visual Studio Version 17
VisualStudioVersion = 17.1.32421.90
MinimumVisualStudioVersion = 10.0.40219.1
Project("{FAE04EC0-301F-11D3-BF4B-00C04F79EFBC}") = "Entities", "Entities\Entities.csproj", "{EF80B7EC-87C9-4849-8522-36892A73FF2D}"
EndProject
Project("{FAE04EC0-301F-11D3-BF4B-00C04F79EFBC}") = "DataAccess", "DataAccess\DataAccess.csproj", "{09518B08-6061-4D54-A763-50A33E6C2192}"
EndProject
Project("{FAE04EC0-301F-11D3-BF4B-00C04F79EFBC}") = "Business", "Business\Business.csproj", "{C8E97398-9738-4270-95E1-25F463BDFCC7}"
EndProject
Project("{FAE04EC0-301F-11D3-BF4B-00C04F79EFBC}") = "Universal", "Universal\Universal.csproj", "{03377588-4C4D-45F3-9727-4DA5D44566ED}"
EndProject
Project("{FAE04EC0-301F-11D3-BF4B-00C04F79EFBC}") = "AutomationUI", "AutomationUI\AutomationUI.csproj", "{FECC8AA0-A262-4152-8F41-1D00655ECAB1}"
EndProject
Global
	GlobalSection(SolutionConfigurationPlatforms) = preSolution
		Debug|Any CPU = Debug|Any CPU
		Release|Any CPU = Release|Any CPU
	EndGlobalSection
	GlobalSection(ProjectConfigurationPlatforms) = postSolution
		{EF80B7EC-87C9-4849-8522-36892A73FF2D}.Debug|Any CPU.ActiveCfg = Debug|Any CPU
		{EF80B7EC-87C9-4849-8522-36892A73FF2D}.Debug|Any CPU.Build.0 = Debug|Any CPU
		{EF80B7EC-87C9-4849-8522-36892A73FF2D}.Release|Any CPU.ActiveCfg = Release|Any CPU
		{EF80B7EC-87C9-4849-8522-36892A73FF2D}.Release|Any CPU.Build.0 = Release|Any CPU
		{09518B08-6061-4D54-A763-50A33E6C2192}.Debug|Any CPU.ActiveCfg = Debug|Any CPU
		{09518B08-6061-4D54-A763-50A33E6C2192}.Debug|Any CPU.Build.0 = Debug|Any CPU
		{09518B08-6061-4D54-A763-50A33E6C2192}.Release|Any CPU.ActiveCfg = Release|Any CPU
		{09518B08-6061-4D54-A763-50A33E6C2192}.Release|Any CPU.Build.0 = Release|Any CPU
		{C8E97398-9738-4270-95E1-25F463BDFCC7}.Debug|Any CPU.ActiveCfg = Debug|Any CPU
		{C8E97398-9738-4270-95E1-25F463BDFCC7}.Debug|Any CPU.Build.0 = Debug|Any CPU
		{C8E97398-9738-4270-95E1-25F463BDFCC7}.Release|Any CPU.ActiveCfg = Release|Any CPU
		{C8E97398-9738-4270-95E1-25F463BDFCC7}.Release|Any CPU.Build.0 = Release|Any CPU
		{03377588-4C4D-45F3-9727-4DA5D44566ED}.Debug|Any CPU.ActiveCfg = Debug|Any CPU
		{03377588-4C4D-45F3-9727-4DA5D44566ED}.Debug|Any CPU.Build.0 = Debug|Any CPU
		{03377588-4C4D-45F3-9727-4DA5D44566ED}.Release|Any CPU.ActiveCfg = Release|Any CPU
		{03377588-4C4D-45F3-9727-4DA5D44566ED}.Release|Any CPU.Build.0 = Release|Any CPU
		{FECC8AA0-A262-4152-8F41-1D00655ECAB1}.Debug|Any CPU.ActiveCfg = Debug|Any CPU
		{FECC8AA0-A262-4152-8F41-1D00655ECAB1}.Debug|Any CPU.Build.0 = Debug|Any CPU
		{FECC8AA0-A262-4152-8F41-1D00655ECAB1}.Release|Any CPU.ActiveCfg = Release|Any CPU
		{FECC8AA0-A262-4152-8F41-1D00655ECAB1}.Release|Any CPU.Build.0 = Release|Any CPU
	EndGlobalSection
	GlobalSection(SolutionProperties) = preSolution
		HideSolutionNode = FALSE
	EndGlobalSection
	GlobalSection(ExtensibilityGlobals) = postSolution
		SolutionGuid = {0C921E81-9CA6-41BF-86E7-BCDDBB426492}
	EndGlobalSection
EndGlobal
